
Microsoft Visual Studio Solution File, Format Version 12.00
# Visual Studio Version 17
VisualStudioVersion = 17.9.34622.214
MinimumVisualStudioVersion = 10.0.40219.1
Project("{F184B08F-C81C-45F6-A57F-5ABD9991F28F}") = "Stan'sGrocery", "Stan'sGrocery\Stan'sGrocery.vbproj", "{927185F0-C249-42B6-8D1F-72785DA25D4E}"
EndProject
Global
	GlobalSection(SolutionConfigurationPlatforms) = preSolution
		Debug|Any CPU = Debug|Any CPU
		Release|Any CPU = Release|Any CPU
	EndGlobalSection
	GlobalSection(ProjectConfigurationPlatforms) = postSolution
		{927185F0-C249-42B6-8D1F-72785DA25D4E}.Debug|Any CPU.ActiveCfg = Debug|Any CPU
		{927185F0-C249-42B6-8D1F-72785DA25D4E}.Debug|Any CPU.Build.0 = Debug|Any CPU
		{927185F0-C249-42B6-8D1F-72785DA25D4E}.Release|Any CPU.ActiveCfg = Release|Any CPU
		{927185F0-C249-42B6-8D1F-72785DA25D4E}.Release|Any CPU.Build.0 = Release|Any CPU
	EndGlobalSection
	GlobalSection(SolutionProperties) = preSolution
		HideSolutionNode = FALSE
	EndGlobalSection
	GlobalSection(ExtensibilityGlobals) = postSolution
		SolutionGuid = {D7F4B082-9E69-48ED-A09A-79DAFEB1D30A}
	EndGlobalSection
EndGlobal
